// !$*UTF8*$!
{
	archiveVersion = 1;
	classes = {
	};
	objectVersion = 55;
	objects = {

/* Begin PBXBuildFile section */
		4C0F379E285D4E42000092F8 /* LiveGuessRowView.swift in Sources */ = {isa = PBXBuildFile; fileRef = 4C0F379D285D4E42000092F8 /* LiveGuessRowView.swift */; };
		4C221B532849A6FE0006E9E0 /* ShwordleApp.swift in Sources */ = {isa = PBXBuildFile; fileRef = 4C221B522849A6FE0006E9E0 /* ShwordleApp.swift */; };
		4C221B552849A6FE0006E9E0 /* ContentView.swift in Sources */ = {isa = PBXBuildFile; fileRef = 4C221B542849A6FE0006E9E0 /* ContentView.swift */; };
		4C221B572849A7000006E9E0 /* Assets.xcassets in Resources */ = {isa = PBXBuildFile; fileRef = 4C221B562849A7000006E9E0 /* Assets.xcassets */; };
		4C221B5A2849A7000006E9E0 /* Preview Assets.xcassets in Resources */ = {isa = PBXBuildFile; fileRef = 4C221B592849A7000006E9E0 /* Preview Assets.xcassets */; };
		4C221B632849A9D80006E9E0 /* PreviousGuessesView.swift in Sources */ = {isa = PBXBuildFile; fileRef = 4C221B622849A9D80006E9E0 /* PreviousGuessesView.swift */; };
		4C221B652849B0290006E9E0 /* TextFieldGuessView.swift in Sources */ = {isa = PBXBuildFile; fileRef = 4C221B642849B0290006E9E0 /* TextFieldGuessView.swift */; };
		4C221B672849B0A50006E9E0 /* Constants.swift in Sources */ = {isa = PBXBuildFile; fileRef = 4C221B662849B0A50006E9E0 /* Constants.swift */; };
		4C530C6B284ACA070010CF5E /* GuessModel.swift in Sources */ = {isa = PBXBuildFile; fileRef = 4C530C6A284ACA070010CF5E /* GuessModel.swift */; };
		4C530C6F284AD4AA0010CF5E /* String+Extension.swift in Sources */ = {isa = PBXBuildFile; fileRef = 4C530C6E284AD4AA0010CF5E /* String+Extension.swift */; };
		4CFFAA7928541FF200DF2720 /* GuessSquareView.swift in Sources */ = {isa = PBXBuildFile; fileRef = 4CFFAA7828541FF200DF2720 /* GuessSquareView.swift */; };
		4CFFAA7B2854229500DF2720 /* GameViewModel.swift in Sources */ = {isa = PBXBuildFile; fileRef = 4CFFAA7A2854229500DF2720 /* GameViewModel.swift */; };
/* End PBXBuildFile section */

/* Begin PBXFileReference section */
		4C0F379D285D4E42000092F8 /* LiveGuessRowView.swift */ = {isa = PBXFileReference; lastKnownFileType = sourcecode.swift; path = LiveGuessRowView.swift; sourceTree = "<group>"; };
		4C221B4F2849A6FE0006E9E0 /* Shwordle.app */ = {isa = PBXFileReference; explicitFileType = wrapper.application; includeInIndex = 0; path = Shwordle.app; sourceTree = BUILT_PRODUCTS_DIR; };
		4C221B522849A6FE0006E9E0 /* ShwordleApp.swift */ = {isa = PBXFileReference; lastKnownFileType = sourcecode.swift; path = ShwordleApp.swift; sourceTree = "<group>"; };
		4C221B542849A6FE0006E9E0 /* ContentView.swift */ = {isa = PBXFileReference; lastKnownFileType = sourcecode.swift; path = ContentView.swift; sourceTree = "<group>"; };
		4C221B562849A7000006E9E0 /* Assets.xcassets */ = {isa = PBXFileReference; lastKnownFileType = folder.assetcatalog; path = Assets.xcassets; sourceTree = "<group>"; };
		4C221B592849A7000006E9E0 /* Preview Assets.xcassets */ = {isa = PBXFileReference; lastKnownFileType = folder.assetcatalog; path = "Preview Assets.xcassets"; sourceTree = "<group>"; };
		4C221B622849A9D80006E9E0 /* PreviousGuessesView.swift */ = {isa = PBXFileReference; lastKnownFileType = sourcecode.swift; path = PreviousGuessesView.swift; sourceTree = "<group>"; };
		4C221B642849B0290006E9E0 /* TextFieldGuessView.swift */ = {isa = PBXFileReference; lastKnownFileType = sourcecode.swift; path = TextFieldGuessView.swift; sourceTree = "<group>"; };
		4C221B662849B0A50006E9E0 /* Constants.swift */ = {isa = PBXFileReference; lastKnownFileType = sourcecode.swift; path = Constants.swift; sourceTree = "<group>"; };
		4C530C6A284ACA070010CF5E /* GuessModel.swift */ = {isa = PBXFileReference; lastKnownFileType = sourcecode.swift; path = GuessModel.swift; sourceTree = "<group>"; };
		4C530C6E284AD4AA0010CF5E /* String+Extension.swift */ = {isa = PBXFileReference; lastKnownFileType = sourcecode.swift; path = "String+Extension.swift"; sourceTree = "<group>"; };
		4CFFAA7828541FF200DF2720 /* GuessSquareView.swift */ = {isa = PBXFileReference; lastKnownFileType = sourcecode.swift; path = GuessSquareView.swift; sourceTree = "<group>"; };
		4CFFAA7A2854229500DF2720 /* GameViewModel.swift */ = {isa = PBXFileReference; lastKnownFileType = sourcecode.swift; path = GameViewModel.swift; sourceTree = "<group>"; };
/* End PBXFileReference section */

/* Begin PBXFrameworksBuildPhase section */
		4C221B4C2849A6FE0006E9E0 /* Frameworks */ = {
			isa = PBXFrameworksBuildPhase;
			buildActionMask = 2147483647;
			files = (
			);
			runOnlyForDeploymentPostprocessing = 0;
		};
/* End PBXFrameworksBuildPhase section */

/* Begin PBXGroup section */
		4C0BA7CA2857877F00B64372 /* ViewModel */ = {
			isa = PBXGroup;
			children = (
				4CFFAA7A2854229500DF2720 /* GameViewModel.swift */,
			);
			path = ViewModel;
			sourceTree = "<group>";
		};
		4C0BA7CB285787CB00B64372 /* Model */ = {
			isa = PBXGroup;
			children = (
				4C530C6A284ACA070010CF5E /* GuessModel.swift */,
			);
			path = Model;
			sourceTree = "<group>";
		};
		4C0BA7CC285787E600B64372 /* View */ = {
			isa = PBXGroup;
			children = (
				4C221B542849A6FE0006E9E0 /* ContentView.swift */,
				4CFFAA7828541FF200DF2720 /* GuessSquareView.swift */,
				4C221B642849B0290006E9E0 /* TextFieldGuessView.swift */,
				4C221B622849A9D80006E9E0 /* PreviousGuessesView.swift */,
				4C0F379D285D4E42000092F8 /* LiveGuessRowView.swift */,
			);
			path = View;
			sourceTree = "<group>";
		};
		4C221B462849A6FE0006E9E0 = {
			isa = PBXGroup;
			children = (
				4C221B512849A6FE0006E9E0 /* Shwordle */,
				4C221B502849A6FE0006E9E0 /* Products */,
			);
			sourceTree = "<group>";
		};
		4C221B502849A6FE0006E9E0 /* Products */ = {
			isa = PBXGroup;
			children = (
				4C221B4F2849A6FE0006E9E0 /* Shwordle.app */,
			);
			name = Products;
			sourceTree = "<group>";
		};
		4C221B512849A6FE0006E9E0 /* Shwordle */ = {
			isa = PBXGroup;
			children = (
				4C221B522849A6FE0006E9E0 /* ShwordleApp.swift */,
				4C0BA7CC285787E600B64372 /* View */,
				4C0BA7CA2857877F00B64372 /* ViewModel */,
				4C0BA7CB285787CB00B64372 /* Model */,
				4C530C6E284AD4AA0010CF5E /* String+Extension.swift */,
				4C221B662849B0A50006E9E0 /* Constants.swift */,
				4C221B562849A7000006E9E0 /* Assets.xcassets */,
				4C221B582849A7000006E9E0 /* Preview Content */,
			);
			path = Shwordle;
			sourceTree = "<group>";
		};
		4C221B582849A7000006E9E0 /* Preview Content */ = {
			isa = PBXGroup;
			children = (
				4C221B592849A7000006E9E0 /* Preview Assets.xcassets */,
			);
			path = "Preview Content";
			sourceTree = "<group>";
		};
/* End PBXGroup section */

/* Begin PBXNativeTarget section */
		4C221B4E2849A6FE0006E9E0 /* Shwordle */ = {
			isa = PBXNativeTarget;
			buildConfigurationList = 4C221B5D2849A7000006E9E0 /* Build configuration list for PBXNativeTarget "Shwordle" */;
			buildPhases = (
				4C221B4B2849A6FE0006E9E0 /* Sources */,
				4C221B4C2849A6FE0006E9E0 /* Frameworks */,
				4C221B4D2849A6FE0006E9E0 /* Resources */,
			);
			buildRules = (
			);
			dependencies = (
			);
			name = Shwordle;
			productName = Shwordle;
			productReference = 4C221B4F2849A6FE0006E9E0 /* Shwordle.app */;
			productType = "com.apple.product-type.application";
		};
/* End PBXNativeTarget section */

/* Begin PBXProject section */
		4C221B472849A6FE0006E9E0 /* Project object */ = {
			isa = PBXProject;
			attributes = {
				BuildIndependentTargetsInParallel = 1;
				LastSwiftUpdateCheck = 1340;
				LastUpgradeCheck = 1340;
				TargetAttributes = {
					4C221B4E2849A6FE0006E9E0 = {
						CreatedOnToolsVersion = 13.4;
					};
				};
			};
			buildConfigurationList = 4C221B4A2849A6FE0006E9E0 /* Build configuration list for PBXProject "Shwordle" */;
			compatibilityVersion = "Xcode 13.0";
			developmentRegion = en;
			hasScannedForEncodings = 0;
			knownRegions = (
				en,
				Base,
			);
			mainGroup = 4C221B462849A6FE0006E9E0;
			productRefGroup = 4C221B502849A6FE0006E9E0 /* Products */;
			projectDirPath = "";
			projectRoot = "";
			targets = (
				4C221B4E2849A6FE0006E9E0 /* Shwordle */,
			);
		};
/* End PBXProject section */

/* Begin PBXResourcesBuildPhase section */
		4C221B4D2849A6FE0006E9E0 /* Resources */ = {
			isa = PBXResourcesBuildPhase;
			buildActionMask = 2147483647;
			files = (
				4C221B5A2849A7000006E9E0 /* Preview Assets.xcassets in Resources */,
				4C221B572849A7000006E9E0 /* Assets.xcassets in Resources */,
			);
			runOnlyForDeploymentPostprocessing = 0;
		};
/* End PBXResourcesBuildPhase section */

/* Begin PBXSourcesBuildPhase section */
		4C221B4B2849A6FE0006E9E0 /* Sources */ = {
			isa = PBXSourcesBuildPhase;
			buildActionMask = 2147483647;
			files = (
				4CFFAA7B2854229500DF2720 /* GameViewModel.swift in Sources */,
				4C221B672849B0A50006E9E0 /* Constants.swift in Sources */,
				4C530C6F284AD4AA0010CF5E /* String+Extension.swift in Sources */,
				4C221B552849A6FE0006E9E0 /* ContentView.swift in Sources */,
				4CFFAA7928541FF200DF2720 /* GuessSquareView.swift in Sources */,
				4C0F379E285D4E42000092F8 /* LiveGuessRowView.swift in Sources */,
				4C221B632849A9D80006E9E0 /* PreviousGuessesView.swift in Sources */,
				4C530C6B284ACA070010CF5E /* GuessModel.swift in Sources */,
				4C221B652849B0290006E9E0 /* TextFieldGuessView.swift in Sources */,
				4C221B532849A6FE0006E9E0 /* ShwordleApp.swift in Sources */,
			);
			runOnlyForDeploymentPostprocessing = 0;
		};
/* End PBXSourcesBuildPhase section */

/* Begin XCBuildConfiguration section */
		4C221B5B2849A7000006E9E0 /* Debug */ = {
			isa = XCBuildConfiguration;
			buildSettings = {
				ALWAYS_SEARCH_USER_PATHS = NO;
				CLANG_ANALYZER_NONNULL = YES;
				CLANG_ANALYZER_NUMBER_OBJECT_CONVERSION = YES_AGGRESSIVE;
				CLANG_CXX_LANGUAGE_STANDARD = "gnu++17";
				CLANG_ENABLE_MODULES = YES;
				CLANG_ENABLE_OBJC_ARC = YES;
				CLANG_ENABLE_OBJC_WEAK = YES;
				CLANG_WARN_BLOCK_CAPTURE_AUTORELEASING = YES;
				CLANG_WARN_BOOL_CONVERSION = YES;
				CLANG_WARN_COMMA = YES;
				CLANG_WARN_CONSTANT_CONVERSION = YES;
				CLANG_WARN_DEPRECATED_OBJC_IMPLEMENTATIONS = YES;
				CLANG_WARN_DIRECT_OBJC_ISA_USAGE = YES_ERROR;
				CLANG_WARN_DOCUMENTATION_COMMENTS = YES;
				CLANG_WARN_EMPTY_BODY = YES;
				CLANG_WARN_ENUM_CONVERSION = YES;
				CLANG_WARN_INFINITE_RECURSION = YES;
				CLANG_WARN_INT_CONVERSION = YES;
				CLANG_WARN_NON_LITERAL_NULL_CONVERSION = YES;
				CLANG_WARN_OBJC_IMPLICIT_RETAIN_SELF = YES;
				CLANG_WARN_OBJC_LITERAL_CONVERSION = YES;
				CLANG_WARN_OBJC_ROOT_CLASS = YES_ERROR;
				CLANG_WARN_QUOTED_INCLUDE_IN_FRAMEWORK_HEADER = YES;
				CLANG_WARN_RANGE_LOOP_ANALYSIS = YES;
				CLANG_WARN_STRICT_PROTOTYPES = YES;
				CLANG_WARN_SUSPICIOUS_MOVE = YES;
				CLANG_WARN_UNGUARDED_AVAILABILITY = YES_AGGRESSIVE;
				CLANG_WARN_UNREACHABLE_CODE = YES;
				CLANG_WARN__DUPLICATE_METHOD_MATCH = YES;
				COPY_PHASE_STRIP = NO;
				DEBUG_INFORMATION_FORMAT = dwarf;
				ENABLE_STRICT_OBJC_MSGSEND = YES;
				ENABLE_TESTABILITY = YES;
				GCC_C_LANGUAGE_STANDARD = gnu11;
				GCC_DYNAMIC_NO_PIC = NO;
				GCC_NO_COMMON_BLOCKS = YES;
				GCC_OPTIMIZATION_LEVEL = 0;
				GCC_PREPROCESSOR_DEFINITIONS = (
					"DEBUG=1",
					"$(inherited)",
				);
				GCC_WARN_64_TO_32_BIT_CONVERSION = YES;
				GCC_WARN_ABOUT_RETURN_TYPE = YES_ERROR;
				GCC_WARN_UNDECLARED_SELECTOR = YES;
				GCC_WARN_UNINITIALIZED_AUTOS = YES_AGGRESSIVE;
				GCC_WARN_UNUSED_FUNCTION = YES;
				GCC_WARN_UNUSED_VARIABLE = YES;
				IPHONEOS_DEPLOYMENT_TARGET = 15.5;
				MTL_ENABLE_DEBUG_INFO = INCLUDE_SOURCE;
				MTL_FAST_MATH = YES;
				ONLY_ACTIVE_ARCH = YES;
				SDKROOT = iphoneos;
				SWIFT_ACTIVE_COMPILATION_CONDITIONS = DEBUG;
				SWIFT_OPTIMIZATION_LEVEL = "-Onone";
			};
			name = Debug;
		};
		4C221B5C2849A7000006E9E0 /* Release */ = {
			isa = XCBuildConfiguration;
			buildSettings = {
				ALWAYS_SEARCH_USER_PATHS = NO;
				CLANG_ANALYZER_NONNULL = YES;
				CLANG_ANALYZER_NUMBER_OBJECT_CONVERSION = YES_AGGRESSIVE;
				CLANG_CXX_LANGUAGE_STANDARD = "gnu++17";
				CLANG_ENABLE_MODULES = YES;
				CLANG_ENABLE_OBJC_ARC = YES;
				CLANG_ENABLE_OBJC_WEAK = YES;
				CLANG_WARN_BLOCK_CAPTURE_AUTORELEASING = YES;
				CLANG_WARN_BOOL_CONVERSION = YES;
				CLANG_WARN_COMMA = YES;
				CLANG_WARN_CONSTANT_CONVERSION = YES;
				CLANG_WARN_DEPRECATED_OBJC_IMPLEMENTATIONS = YES;
				CLANG_WARN_DIRECT_OBJC_ISA_USAGE = YES_ERROR;
				CLANG_WARN_DOCUMENTATION_COMMENTS = YES;
				CLANG_WARN_EMPTY_BODY = YES;
				CLANG_WARN_ENUM_CONVERSION = YES;
				CLANG_WARN_INFINITE_RECURSION = YES;
				CLANG_WARN_INT_CONVERSION = YES;
				CLANG_WARN_NON_LITERAL_NULL_CONVERSION = YES;
				CLANG_WARN_OBJC_IMPLICIT_RETAIN_SELF = YES;
				CLANG_WARN_OBJC_LITERAL_CONVERSION = YES;
				CLANG_WARN_OBJC_ROOT_CLASS = YES_ERROR;
				CLANG_WARN_QUOTED_INCLUDE_IN_FRAMEWORK_HEADER = YES;
				CLANG_WARN_RANGE_LOOP_ANALYSIS = YES;
				CLANG_WARN_STRICT_PROTOTYPES = YES;
				CLANG_WARN_SUSPICIOUS_MOVE = YES;
				CLANG_WARN_UNGUARDED_AVAILABILITY = YES_AGGRESSIVE;
				CLANG_WARN_UNREACHABLE_CODE = YES;
				CLANG_WARN__DUPLICATE_METHOD_MATCH = YES;
				COPY_PHASE_STRIP = NO;
				DEBUG_INFORMATION_FORMAT = "dwarf-with-dsym";
				ENABLE_NS_ASSERTIONS = NO;
				ENABLE_STRICT_OBJC_MSGSEND = YES;
				GCC_C_LANGUAGE_STANDARD = gnu11;
				GCC_NO_COMMON_BLOCKS = YES;
				GCC_WARN_64_TO_32_BIT_CONVERSION = YES;
				GCC_WARN_ABOUT_RETURN_TYPE = YES_ERROR;
				GCC_WARN_UNDECLARED_SELECTOR = YES;
				GCC_WARN_UNINITIALIZED_AUTOS = YES_AGGRESSIVE;
				GCC_WARN_UNUSED_FUNCTION = YES;
				GCC_WARN_UNUSED_VARIABLE = YES;
				IPHONEOS_DEPLOYMENT_TARGET = 15.5;
				MTL_ENABLE_DEBUG_INFO = NO;
				MTL_FAST_MATH = YES;
				SDKROOT = iphoneos;
				SWIFT_COMPILATION_MODE = wholemodule;
				SWIFT_OPTIMIZATION_LEVEL = "-O";
				VALIDATE_PRODUCT = YES;
			};
			name = Release;
		};
		4C221B5E2849A7000006E9E0 /* Debug */ = {
			isa = XCBuildConfiguration;
			buildSettings = {
				ASSETCATALOG_COMPILER_APPICON_NAME = AppIcon;
				ASSETCATALOG_COMPILER_GLOBAL_ACCENT_COLOR_NAME = AccentColor;
				CODE_SIGN_STYLE = Automatic;
				CURRENT_PROJECT_VERSION = 1;
				DEVELOPMENT_ASSET_PATHS = "\"Shwordle/Preview Content\"";
				DEVELOPMENT_TEAM = 3ZLX8VSJT3;
				ENABLE_PREVIEWS = YES;
				GENERATE_INFOPLIST_FILE = YES;
				INFOPLIST_KEY_UIApplicationSceneManifest_Generation = YES;
				INFOPLIST_KEY_UIApplicationSupportsIndirectInputEvents = YES;
				INFOPLIST_KEY_UILaunchScreen_Generation = YES;
				INFOPLIST_KEY_UISupportedInterfaceOrientations_iPad = "UIInterfaceOrientationPortrait UIInterfaceOrientationPortraitUpsideDown UIInterfaceOrientationLandscapeLeft UIInterfaceOrientationLandscapeRight";
				INFOPLIST_KEY_UISupportedInterfaceOrientations_iPhone = "UIInterfaceOrientationPortrait UIInterfaceOrientationLandscapeLeft UIInterfaceOrientationLandscapeRight";
				LD_RUNPATH_SEARCH_PATHS = (
					"$(inherited)",
					"@executable_path/Frameworks",
				);
				MARKETING_VERSION = 1.0;
				PRODUCT_BUNDLE_IDENTIFIER = com.Shwordle;
				PRODUCT_NAME = "$(TARGET_NAME)";
				SWIFT_EMIT_LOC_STRINGS = YES;
				SWIFT_VERSION = 5.0;
				TARGETED_DEVICE_FAMILY = "1,2";
			};
			name = Debug;
		};
		4C221B5F2849A7000006E9E0 /* Release */ = {
			isa = XCBuildConfiguration;
			buildSettings = {
				ASSETCATALOG_COMPILER_APPICON_NAME = AppIcon;
				ASSETCATALOG_COMPILER_GLOBAL_ACCENT_COLOR_NAME = AccentColor;
				CODE_SIGN_STYLE = Automatic;
				CURRENT_PROJECT_VERSION = 1;
				DEVELOPMENT_ASSET_PATHS = "\"Shwordle/Preview Content\"";
				DEVELOPMENT_TEAM = 3ZLX8VSJT3;
				ENABLE_PREVIEWS = YES;
				GENERATE_INFOPLIST_FILE = YES;
				INFOPLIST_KEY_UIApplicationSceneManifest_Generation = YES;
				INFOPLIST_KEY_UIApplicationSupportsIndirectInputEvents = YES;
				INFOPLIST_KEY_UILaunchScreen_Generation = YES;
				INFOPLIST_KEY_UISupportedInterfaceOrientations_iPad = "UIInterfaceOrientationPortrait UIInterfaceOrientationPortraitUpsideDown UIInterfaceOrientationLandscapeLeft UIInterfaceOrientationLandscapeRight";
				INFOPLIST_KEY_UISupportedInterfaceOrientations_iPhone = "UIInterfaceOrientationPortrait UIInterfaceOrientationLandscapeLeft UIInterfaceOrientationLandscapeRight";
				LD_RUNPATH_SEARCH_PATHS = (
					"$(inherited)",
					"@executable_path/Frameworks",
				);
				MARKETING_VERSION = 1.0;
				PRODUCT_BUNDLE_IDENTIFIER = com.Shwordle;
				PRODUCT_NAME = "$(TARGET_NAME)";
				SWIFT_EMIT_LOC_STRINGS = YES;
				SWIFT_VERSION = 5.0;
				TARGETED_DEVICE_FAMILY = "1,2";
			};
			name = Release;
		};
/* End XCBuildConfiguration section */

/* Begin XCConfigurationList section */
		4C221B4A2849A6FE0006E9E0 /* Build configuration list for PBXProject "Shwordle" */ = {
			isa = XCConfigurationList;
			buildConfigurations = (
				4C221B5B2849A7000006E9E0 /* Debug */,
				4C221B5C2849A7000006E9E0 /* Release */,
			);
			defaultConfigurationIsVisible = 0;
			defaultConfigurationName = Release;
		};
		4C221B5D2849A7000006E9E0 /* Build configuration list for PBXNativeTarget "Shwordle" */ = {
			isa = XCConfigurationList;
			buildConfigurations = (
				4C221B5E2849A7000006E9E0 /* Debug */,
				4C221B5F2849A7000006E9E0 /* Release */,
			);
			defaultConfigurationIsVisible = 0;
			defaultConfigurationName = Release;
		};
/* End XCConfigurationList section */
	};
	rootObject = 4C221B472849A6FE0006E9E0 /* Project object */;
}
